// !$*UTF8*$!
{
	archiveVersion = 1;
	classes = {
	};
	objectVersion = 46;
	objects = {

/* Begin PBXBuildFile section */
		84F597351B132BA600178253 /* main.m in Sources */ = {isa = PBXBuildFile; fileRef = 84F597341B132BA600178253 /* main.m */; };
		84F597381B132BA600178253 /* AppDelegate.m in Sources */ = {isa = PBXBuildFile; fileRef = 84F597371B132BA600178253 /* AppDelegate.m */; };
		84F5973B1B132BA600178253 /* ViewController.m in Sources */ = {isa = PBXBuildFile; fileRef = 84F5973A1B132BA600178253 /* ViewController.m */; };
		84F5973E1B132BA600178253 /* Main.storyboard in Resources */ = {isa = PBXBuildFile; fileRef = 84F5973C1B132BA600178253 /* Main.storyboard */; };
		84F597401B132BA700178253 /* Images.xcassets in Resources */ = {isa = PBXBuildFile; fileRef = 84F5973F1B132BA700178253 /* Images.xcassets */; };
		84F597431B132BA700178253 /* LaunchScreen.xib in Resources */ = {isa = PBXBuildFile; fileRef = 84F597411B132BA700178253 /* LaunchScreen.xib */; };
		84F5974F1B132BA900178253 /* DemoMMDrawerTests.m in Sources */ = {isa = PBXBuildFile; fileRef = 84F5974E1B132BA900178253 /* DemoMMDrawerTests.m */; };
/* End PBXBuildFile section */

/* Begin PBXContainerItemProxy section */
		84F597491B132BA800178253 /* PBXContainerItemProxy */ = {
			isa = PBXContainerItemProxy;
			containerPortal = 84F597271B132BA200178253 /* Project object */;
			proxyType = 1;
			remoteGlobalIDString = 84F5972E1B132BA400178253;
			remoteInfo = DemoMMDrawer;
		};
/* End PBXContainerItemProxy section */

/* Begin PBXFileReference section */
		84F5972F1B132BA400178253 /* DemoMMDrawer.app */ = {isa = PBXFileReference; explicitFileType = wrapper.application; includeInIndex = 0; path = DemoMMDrawer.app; sourceTree = BUILT_PRODUCTS_DIR; };
		84F597331B132BA500178253 /* Info.plist */ = {isa = PBXFileReference; lastKnownFileType = text.plist.xml; path = Info.plist; sourceTree = "<group>"; };
		84F597341B132BA600178253 /* main.m */ = {isa = PBXFileReference; lastKnownFileType = sourcecode.c.objc; path = main.m; sourceTree = "<group>"; };
		84F597361B132BA600178253 /* AppDelegate.h */ = {isa = PBXFileReference; lastKnownFileType = sourcecode.c.h; path = AppDelegate.h; sourceTree = "<group>"; };
		84F597371B132BA600178253 /* AppDelegate.m */ = {isa = PBXFileReference; lastKnownFileType = sourcecode.c.objc; path = AppDelegate.m; sourceTree = "<group>"; };
		84F597391B132BA600178253 /* ViewController.h */ = {isa = PBXFileReference; lastKnownFileType = sourcecode.c.h; path = ViewController.h; sourceTree = "<group>"; };
		84F5973A1B132BA600178253 /* ViewController.m */ = {isa = PBXFileReference; lastKnownFileType = sourcecode.c.objc; path = ViewController.m; sourceTree = "<group>"; };
		84F5973D1B132BA600178253 /* Base */ = {isa = PBXFileReference; lastKnownFileType = file.storyboard; name = Base; path = Base.lproj/Main.storyboard; sourceTree = "<group>"; };
		84F5973F1B132BA700178253 /* Images.xcassets */ = {isa = PBXFileReference; lastKnownFileType = folder.assetcatalog; path = Images.xcassets; sourceTree = "<group>"; };
		84F597421B132BA700178253 /* Base */ = {isa = PBXFileReference; lastKnownFileType = file.xib; name = Base; path = Base.lproj/LaunchScreen.xib; sourceTree = "<group>"; };
		84F597481B132BA800178253 /* DemoMMDrawerTests.xctest */ = {isa = PBXFileReference; explicitFileType = wrapper.cfbundle; includeInIndex = 0; path = DemoMMDrawerTests.xctest; sourceTree = BUILT_PRODUCTS_DIR; };
		84F5974D1B132BA900178253 /* Info.plist */ = {isa = PBXFileReference; lastKnownFileType = text.plist.xml; path = Info.plist; sourceTree = "<group>"; };
		84F5974E1B132BA900178253 /* DemoMMDrawerTests.m */ = {isa = PBXFileReference; lastKnownFileType = sourcecode.c.objc; path = DemoMMDrawerTests.m; sourceTree = "<group>"; };
/* End PBXFileReference section */

/* Begin PBXFrameworksBuildPhase section */
		84F5972C1B132BA400178253 /* Frameworks */ = {
			isa = PBXFrameworksBuildPhase;
			buildActionMask = 2147483647;
			files = (
			);
			runOnlyForDeploymentPostprocessing = 0;
		};
		84F597451B132BA800178253 /* Frameworks */ = {
			isa = PBXFrameworksBuildPhase;
			buildActionMask = 2147483647;
			files = (
			);
			runOnlyForDeploymentPostprocessing = 0;
		};
/* End PBXFrameworksBuildPhase section */

/* Begin PBXGroup section */
		84F597261B132BA200178253 = {
			isa = PBXGroup;
			children = (
				84F597311B132BA400178253 /* DemoMMDrawer */,
				84F5974B1B132BA800178253 /* DemoMMDrawerTests */,
				84F597301B132BA400178253 /* Products */,
			);
			sourceTree = "<group>";
		};
		84F597301B132BA400178253 /* Products */ = {
			isa = PBXGroup;
			children = (
				84F5972F1B132BA400178253 /* DemoMMDrawer.app */,
				84F597481B132BA800178253 /* DemoMMDrawerTests.xctest */,
			);
			name = Products;
			sourceTree = "<group>";
		};
		84F597311B132BA400178253 /* DemoMMDrawer */ = {
			isa = PBXGroup;
			children = (
				84F597361B132BA600178253 /* AppDelegate.h */,
				84F597371B132BA600178253 /* AppDelegate.m */,
				84F597391B132BA600178253 /* ViewController.h */,
				84F5973A1B132BA600178253 /* ViewController.m */,
				84F5973C1B132BA600178253 /* Main.storyboard */,
				84F5973F1B132BA700178253 /* Images.xcassets */,
				84F597411B132BA700178253 /* LaunchScreen.xib */,
				84F597321B132BA500178253 /* Supporting Files */,
			);
			path = DemoMMDrawer;
			sourceTree = "<group>";
		};
		84F597321B132BA500178253 /* Supporting Files */ = {
			isa = PBXGroup;
			children = (
				84F597331B132BA500178253 /* Info.plist */,
				84F597341B132BA600178253 /* main.m */,
			);
			name = "Supporting Files";
			sourceTree = "<group>";
		};
		84F5974B1B132BA800178253 /* DemoMMDrawerTests */ = {
			isa = PBXGroup;
			children = (
				84F5974E1B132BA900178253 /* DemoMMDrawerTests.m */,
				84F5974C1B132BA900178253 /* Supporting Files */,
			);
			path = DemoMMDrawerTests;
			sourceTree = "<group>";
		};
		84F5974C1B132BA900178253 /* Supporting Files */ = {
			isa = PBXGroup;
			children = (
				84F5974D1B132BA900178253 /* Info.plist */,
			);
			name = "Supporting Files";
			sourceTree = "<group>";
		};
/* End PBXGroup section */

/* Begin PBXNativeTarget section */
		84F5972E1B132BA400178253 /* DemoMMDrawer */ = {
			isa = PBXNativeTarget;
			buildConfigurationList = 84F597521B132BAA00178253 /* Build configuration list for PBXNativeTarget "DemoMMDrawer" */;
			buildPhases = (
				84F5972B1B132BA400178253 /* Sources */,
				84F5972C1B132BA400178253 /* Frameworks */,
				84F5972D1B132BA400178253 /* Resources */,
			);
			buildRules = (
			);
			dependencies = (
			);
			name = DemoMMDrawer;
			productName = DemoMMDrawer;
			productReference = 84F5972F1B132BA400178253 /* DemoMMDrawer.app */;
			productType = "com.apple.product-type.application";
		};
		84F597471B132BA800178253 /* DemoMMDrawerTests */ = {
			isa = PBXNativeTarget;
			buildConfigurationList = 84F597551B132BAA00178253 /* Build configuration list for PBXNativeTarget "DemoMMDrawerTests" */;
			buildPhases = (
				84F597441B132BA800178253 /* Sources */,
				84F597451B132BA800178253 /* Frameworks */,
				84F597461B132BA800178253 /* Resources */,
			);
			buildRules = (
			);
			dependencies = (
				84F5974A1B132BA800178253 /* PBXTargetDependency */,
			);
			name = DemoMMDrawerTests;
			productName = DemoMMDrawerTests;
			productReference = 84F597481B132BA800178253 /* DemoMMDrawerTests.xctest */;
			productType = "com.apple.product-type.bundle.unit-test";
		};
/* End PBXNativeTarget section */

/* Begin PBXProject section */
		84F597271B132BA200178253 /* Project object */ = {
			isa = PBXProject;
			attributes = {
				LastUpgradeCheck = 0620;
				ORGANIZATIONNAME = biz.ourmi;
				TargetAttributes = {
					84F5972E1B132BA400178253 = {
						CreatedOnToolsVersion = 6.2;
					};
					84F597471B132BA800178253 = {
						CreatedOnToolsVersion = 6.2;
						TestTargetID = 84F5972E1B132BA400178253;
					};
				};
			};
			buildConfigurationList = 84F5972A1B132BA300178253 /* Build configuration list for PBXProject "DemoMMDrawer" */;
			compatibilityVersion = "Xcode 3.2";
			developmentRegion = English;
			hasScannedForEncodings = 0;
			knownRegions = (
				en,
				Base,
			);
			mainGroup = 84F597261B132BA200178253;
			productRefGroup = 84F597301B132BA400178253 /* Products */;
			projectDirPath = "";
			projectRoot = "";
			targets = (
				84F5972E1B132BA400178253 /* DemoMMDrawer */,
				84F597471B132BA800178253 /* DemoMMDrawerTests */,
			);
		};
/* End PBXProject section */

/* Begin PBXResourcesBuildPhase section */
		84F5972D1B132BA400178253 /* Resources */ = {
			isa = PBXResourcesBuildPhase;
			buildActionMask = 2147483647;
			files = (
				84F5973E1B132BA600178253 /* Main.storyboard in Resources */,
				84F597431B132BA700178253 /* LaunchScreen.xib in Resources */,
				84F597401B132BA700178253 /* Images.xcassets in Resources */,
			);
			runOnlyForDeploymentPostprocessing = 0;
		};
		84F597461B132BA800178253 /* Resources */ = {
			isa = PBXResourcesBuildPhase;
			buildActionMask = 2147483647;
			files = (
			);
			runOnlyForDeploymentPostprocessing = 0;
		};
/* End PBXResourcesBuildPhase section */

/* Begin PBXSourcesBuildPhase section */
		84F5972B1B132BA400178253 /* Sources */ = {
			isa = PBXSourcesBuildPhase;
			buildActionMask = 2147483647;
			files = (
				84F5973B1B132BA600178253 /* ViewController.m in Sources */,
				84F597381B132BA600178253 /* AppDelegate.m in Sources */,
				84F597351B132BA600178253 /* main.m in Sources */,
			);
			runOnlyForDeploymentPostprocessing = 0;
		};
		84F597441B132BA800178253 /* Sources */ = {
			isa = PBXSourcesBuildPhase;
			buildActionMask = 2147483647;
			files = (
				84F5974F1B132BA900178253 /* DemoMMDrawerTests.m in Sources */,
			);
			runOnlyForDeploymentPostprocessing = 0;
		};
/* End PBXSourcesBuildPhase section */

/* Begin PBXTargetDependency section */
		84F5974A1B132BA800178253 /* PBXTargetDependency */ = {
			isa = PBXTargetDependency;
			target = 84F5972E1B132BA400178253 /* DemoMMDrawer */;
			targetProxy = 84F597491B132BA800178253 /* PBXContainerItemProxy */;
		};
/* End PBXTargetDependency section */

/* Begin PBXVariantGroup section */
		84F5973C1B132BA600178253 /* Main.storyboard */ = {
			isa = PBXVariantGroup;
			children = (
				84F5973D1B132BA600178253 /* Base */,
			);
			name = Main.storyboard;
			sourceTree = "<group>";
		};
		84F597411B132BA700178253 /* LaunchScreen.xib */ = {
			isa = PBXVariantGroup;
			children = (
				84F597421B132BA700178253 /* Base */,
			);
			name = LaunchScreen.xib;
			sourceTree = "<group>";
		};
/* End PBXVariantGroup section */

/* Begin XCBuildConfiguration section */
		84F597501B132BA900178253 /* Debug */ = {
			isa = XCBuildConfiguration;
			buildSettings = {
				ALWAYS_SEARCH_USER_PATHS = NO;
				CLANG_CXX_LANGUAGE_STANDARD = "gnu++0x";
				CLANG_CXX_LIBRARY = "libc++";
				CLANG_ENABLE_MODULES = YES;
				CLANG_ENABLE_OBJC_ARC = YES;
				CLANG_WARN_BOOL_CONVERSION = YES;
				CLANG_WARN_CONSTANT_CONVERSION = YES;
				CLANG_WARN_DIRECT_OBJC_ISA_USAGE = YES_ERROR;
				CLANG_WARN_EMPTY_BODY = YES;
				CLANG_WARN_ENUM_CONVERSION = YES;
				CLANG_WARN_INT_CONVERSION = YES;
				CLANG_WARN_OBJC_ROOT_CLASS = YES_ERROR;
				CLANG_WARN_UNREACHABLE_CODE = YES;
				CLANG_WARN__DUPLICATE_METHOD_MATCH = YES;
				"CODE_SIGN_IDENTITY[sdk=iphoneos*]" = "iPhone Developer";
				COPY_PHASE_STRIP = NO;
				ENABLE_STRICT_OBJC_MSGSEND = YES;
				GCC_C_LANGUAGE_STANDARD = gnu99;
				GCC_DYNAMIC_NO_PIC = NO;
				GCC_OPTIMIZATION_LEVEL = 0;
				GCC_PREPROCESSOR_DEFINITIONS = (
					"DEBUG=1",
					"$(inherited)",
				);
				GCC_SYMBOLS_PRIVATE_EXTERN = NO;
				GCC_WARN_64_TO_32_BIT_CONVERSION = YES;
				GCC_WARN_ABOUT_RETURN_TYPE = YES_ERROR;
				GCC_WARN_UNDECLARED_SELECTOR = YES;
				GCC_WARN_UNINITIALIZED_AUTOS = YES_AGGRESSIVE;
				GCC_WARN_UNUSED_FUNCTION = YES;
				GCC_WARN_UNUSED_VARIABLE = YES;
				IPHONEOS_DEPLOYMENT_TARGET = 8.2;
				MTL_ENABLE_DEBUG_INFO = YES;
				ONLY_ACTIVE_ARCH = YES;
				SDKROOT = iphoneos;
			};
			name = Debug;
		};
		84F597511B132BA900178253 /* Release */ = {
			isa = XCBuildConfiguration;
			buildSettings = {
				ALWAYS_SEARCH_USER_PATHS = NO;
				CLANG_CXX_LANGUAGE_STANDARD = "gnu++0x";
				CLANG_CXX_LIBRARY = "libc++";
				CLANG_ENABLE_MODULES = YES;
				CLANG_ENABLE_OBJC_ARC = YES;
				CLANG_WARN_BOOL_CONVERSION = YES;
				CLANG_WARN_CONSTANT_CONVERSION = YES;
				CLANG_WARN_DIRECT_OBJC_ISA_USAGE = YES_ERROR;
				CLANG_WARN_EMPTY_BODY = YES;
				CLANG_WARN_ENUM_CONVERSION = YES;
				CLANG_WARN_INT_CONVERSION = YES;
				CLANG_WARN_OBJC_ROOT_CLASS = YES_ERROR;
				CLANG_WARN_UNREACHABLE_CODE = YES;
				CLANG_WARN__DUPLICATE_METHOD_MATCH = YES;
				"CODE_SIGN_IDENTITY[sdk=iphoneos*]" = "iPhone Developer";
				COPY_PHASE_STRIP = NO;
				ENABLE_NS_ASSERTIONS = NO;
				ENABLE_STRICT_OBJC_MSGSEND = YES;
				GCC_C_LANGUAGE_STANDARD = gnu99;
				GCC_WARN_64_TO_32_BIT_CONVERSION = YES;
				GCC_WARN_ABOUT_RETURN_TYPE = YES_ERROR;
				GCC_WARN_UNDECLARED_SELECTOR = YES;
				GCC_WARN_UNINITIALIZED_AUTOS = YES_AGGRESSIVE;
				GCC_WARN_UNUSED_FUNCTION = YES;
				GCC_WARN_UNUSED_VARIABLE = YES;
				IPHONEOS_DEPLOYMENT_TARGET = 8.2;
				MTL_ENABLE_DEBUG_INFO = NO;
				SDKROOT = iphoneos;
				VALIDATE_PRODUCT = YES;
			};
			name = Release;
		};
		84F597531B132BAA00178253 /* Debug */ = {
			isa = XCBuildConfiguration;
			buildSettings = {
				ASSETCATALOG_COMPILER_APPICON_NAME = AppIcon;
				INFOPLIST_FILE = DemoMMDrawer/Info.plist;
				LD_RUNPATH_SEARCH_PATHS = "$(inherited) @executable_path/Frameworks";
				PRODUCT_NAME = "$(TARGET_NAME)";
			};
			name = Debug;
		};
		84F597541B132BAA00178253 /* Release */ = {
			isa = XCBuildConfiguration;
			buildSettings = {
				ASSETCATALOG_COMPILER_APPICON_NAME = AppIcon;
				INFOPLIST_FILE = DemoMMDrawer/Info.plist;
				LD_RUNPATH_SEARCH_PATHS = "$(inherited) @executable_path/Frameworks";
				PRODUCT_NAME = "$(TARGET_NAME)";
			};
			name = Release;
		};
		84F597561B132BAA00178253 /* Debug */ = {
			isa = XCBuildConfiguration;
			buildSettings = {
				BUNDLE_LOADER = "$(TEST_HOST)";
				FRAMEWORK_SEARCH_PATHS = (
					"$(SDKROOT)/Developer/Library/Frameworks",
					"$(inherited)",
				);
				GCC_PREPROCESSOR_DEFINITIONS = (
					"DEBUG=1",
					"$(inherited)",
				);
				INFOPLIST_FILE = DemoMMDrawerTests/Info.plist;
				LD_RUNPATH_SEARCH_PATHS = "$(inherited) @executable_path/Frameworks @loader_path/Frameworks";
				PRODUCT_NAME = "$(TARGET_NAME)";
				TEST_HOST = "$(BUILT_PRODUCTS_DIR)/DemoMMDrawer.app/DemoMMDrawer";
			};
			name = Debug;
		};
		84F597571B132BAA00178253 /* Release */ = {
			isa = XCBuildConfiguration;
			buildSettings = {
				BUNDLE_LOADER = "$(TEST_HOST)";
				FRAMEWORK_SEARCH_PATHS = (
					"$(SDKROOT)/Developer/Library/Frameworks",
					"$(inherited)",
				);
				INFOPLIST_FILE = DemoMMDrawerTests/Info.plist;
				LD_RUNPATH_SEARCH_PATHS = "$(inherited) @executable_path/Frameworks @loader_path/Frameworks";
				PRODUCT_NAME = "$(TARGET_NAME)";
				TEST_HOST = "$(BUILT_PRODUCTS_DIR)/DemoMMDrawer.app/DemoMMDrawer";
			};
			name = Release;
		};
/* End XCBuildConfiguration section */

/* Begin XCConfigurationList section */
		84F5972A1B132BA300178253 /* Build configuration list for PBXProject "DemoMMDrawer" */ = {
			isa = XCConfigurationList;
			buildConfigurations = (
				84F597501B132BA900178253 /* Debug */,
				84F597511B132BA900178253 /* Release */,
			);
			defaultConfigurationIsVisible = 0;
			defaultConfigurationName = Release;
		};
		84F597521B132BAA00178253 /* Build configuration list for PBXNativeTarget "DemoMMDrawer" */ = {
			isa = XCConfigurationList;
			buildConfigurations = (
				84F597531B132BAA00178253 /* Debug */,
				84F597541B132BAA00178253 /* Release */,
			);
			defaultConfigurationIsVisible = 0;
		};
		84F597551B132BAA00178253 /* Build configuration list for PBXNativeTarget "DemoMMDrawerTests" */ = {
			isa = XCConfigurationList;
			buildConfigurations = (
				84F597561B132BAA00178253 /* Debug */,
				84F597571B132BAA00178253 /* Release */,
			);
			defaultConfigurationIsVisible = 0;
		};
/* End XCConfigurationList section */
	};
	rootObject = 84F597271B132BA200178253 /* Project object */;
}
